{
  "name": "mockpro",
  "version": "1.0.0",
  "lockfileVersion": 1,
  "requires": true,
  "dependencies": {
    "babel": {
      "version": "6.23.0"
    },
    "commander": {
      "version": "2.15.1",
      "resolved": "http://r.cnpmjs.org/commander/download/commander-2.15.1.tgz",
      "integrity": "sha1-30boZ9D8Kuxmo0ZitAapzK//Ww8="
    },
    "easyui": {
      "version": "8.0.0"
    },
    "isarray": {
      "version": "0.0.1",
      "resolved": "http://r.cnpmjs.org/isarray/download/isarray-0.0.1.tgz",
      "integrity": "sha1-ihis/Kmo9Bd+Cav8YDiTmwXR7t8="
    },
    "jquery": {
      "version": "3.3.1"
    },
    "mockjs": {
      "version": "1.0.1-beta3",
      "requires": {
        "commander": "*"
      }
    },
    "mui": {
      "version": "0.0.1",
      "resolved": "http://r.cnpmjs.org/mui/download/mui-0.0.1.tgz",
      "integrity": "sha1-Rppx8JMpaVJiceyTncWVmAZZB2I=",
      "dev": true
    },
    "path-to-regexp": {
      "version": "1.7.0",
      "resolved": "http://r.cnpmjs.org/path-to-regexp/download/path-to-regexp-1.7.0.tgz",
      "integrity": "sha1-Wf3g9DW62suhA6hOnTvGTpa5k30=",
      "requires": {
        "isarray": "0.0.1"
      }
    },
    "web-pwa": {
      "version": "0.1.3",
      "requires": {
        "path-to-regexp": "^1.7.0"
      }
    }
  }
}
