# THIS IS AN AUTOGENERATED FILE. DO NOT EDIT THIS FILE DIRECTLY.
# yarn lockfile v1


babel@^6.23.0:
  version "6.23.0"
  resolved "https://registry.yarnpkg.com/babel/-/babel-6.23.0.tgz#d0d1e7d803e974765beea3232d4e153c0efb90f4"

commander@*:
  version "2.15.1"
  resolved "https://registry.yarnpkg.com/commander/-/commander-2.15.1.tgz#df46e867d0fc2aec66a34662b406a9ccafff5b0f"

easyui@^8.0.0:
  version "8.0.0"
  resolved "https://registry.yarnpkg.com/easyui/-/easyui-8.0.0.tgz#a7513b0e401e7b634773dfdf3b5058b48f3eade0"

isarray@0.0.1:
  version "0.0.1"
  resolved "https://registry.yarnpkg.com/isarray/-/isarray-0.0.1.tgz#8a18acfca9a8f4177e09abfc6038939b05d1eedf"

jquery@^3.3.1:
  version "3.3.1"
  resolved "https://registry.yarnpkg.com/jquery/-/jquery-3.3.1.tgz#958ce29e81c9790f31be7792df5d4d95fc57fbca"

mockjs@^1.0.1-beta3:
  version "1.0.1-beta3"
  resolved "https://registry.yarnpkg.com/mockjs/-/mockjs-1.0.1-beta3.tgz#d234f3c27256397564f2c955142e891909537209"
  dependencies:
    commander "*"

path-to-regexp@^1.7.0:
  version "1.7.0"
  resolved "https://registry.yarnpkg.com/path-to-regexp/-/path-to-regexp-1.7.0.tgz#59fde0f435badacba103a84e9d3bc64e96b9937d"
  dependencies:
    isarray "0.0.1"

web-pwa@^0.1.3:
  version "0.1.3"
  resolved "https://registry.yarnpkg.com/web-pwa/-/web-pwa-0.1.3.tgz#98cb2bc9e8e1cf5cd64ee6793fe7eeae687867d6"
  dependencies:
    path-to-regexp "^1.7.0"
